
Microsoft Visual Studio Solution File, Format Version 12.00
# Visual Studio Version 17
VisualStudioVersion = 17.0.31903.59
MinimumVisualStudioVersion = 10.0.40219.1
Project("{2150E333-8FDC-42A3-9474-1A3956D46DE8}") = "src", "src", "{827E0CD3-B72D-47B6-A68D-7590B98EB39B}"
EndProject
Project("{FAE04EC0-301F-11D3-BF4B-00C04F79EFBC}") = "BookGuess.Domain", "src\BookGuess.Domain\BookGuess.Domain.csproj", "{8DBBEEC5-AA3F-45FE-987C-58417291743B}"
EndProject
Project("{FAE04EC0-301F-11D3-BF4B-00C04F79EFBC}") = "BookGuess.Application", "src\BookGuess.Application\BookGuess.Application.csproj", "{D90BCBA0-F8BD-42B8-B8F2-FB7014C01CD6}"
EndProject
Project("{FAE04EC0-301F-11D3-BF4B-00C04F79EFBC}") = "BookGuess.Infrastructure", "src\BookGuess.Infrastructure\BookGuess.Infrastructure.csproj", "{4309ECB4-CA65-487C-BC35-7D9F35D006C6}"
EndProject
Project("{FAE04EC0-301F-11D3-BF4B-00C04F79EFBC}") = "BookGuess.Api", "src\BookGuess.Api\BookGuess.Api.csproj", "{6BCCBB20-589D-4B3E-A758-A568DAA39447}"
EndProject
Project("{FAE04EC0-301F-11D3-BF4B-00C04F79EFBC}") = "BookGuess.AIService", "src\BookGuess.AIService\BookGuess.AIService.csproj", "{3D74546A-583D-402C-BABF-4E27A7F2E315}"
EndProject
Project("{FAE04EC0-301F-11D3-BF4B-00C04F79EFBC}") = "BookGuess.Tests", "tests\BookGuess.Tests\BookGuess.Tests.csproj", "{29239FF0-F183-4308-8293-302AA495AABA}"
EndProject
Project("{FAE04EC0-301F-11D3-BF4B-00C04F79EFBC}") = "BookGuess.Web", "src\BookGuess.Web\BookGuess.Web.csproj", "{81BF1537-3323-4A97-884F-B14E81696613}"
EndProject
Global
	GlobalSection(SolutionConfigurationPlatforms) = preSolution
		Debug|Any CPU = Debug|Any CPU
		Debug|x64 = Debug|x64
		Debug|x86 = Debug|x86
		Release|Any CPU = Release|Any CPU
		Release|x64 = Release|x64
		Release|x86 = Release|x86
	EndGlobalSection
	GlobalSection(ProjectConfigurationPlatforms) = postSolution
		{8DBBEEC5-AA3F-45FE-987C-58417291743B}.Debug|Any CPU.ActiveCfg = Debug|Any CPU
		{8DBBEEC5-AA3F-45FE-987C-58417291743B}.Debug|Any CPU.Build.0 = Debug|Any CPU
		{8DBBEEC5-AA3F-45FE-987C-58417291743B}.Debug|x64.ActiveCfg = Debug|Any CPU
		{8DBBEEC5-AA3F-45FE-987C-58417291743B}.Debug|x64.Build.0 = Debug|Any CPU
		{8DBBEEC5-AA3F-45FE-987C-58417291743B}.Debug|x86.ActiveCfg = Debug|Any CPU
		{8DBBEEC5-AA3F-45FE-987C-58417291743B}.Debug|x86.Build.0 = Debug|Any CPU
		{8DBBEEC5-AA3F-45FE-987C-58417291743B}.Release|Any CPU.ActiveCfg = Release|Any CPU
		{8DBBEEC5-AA3F-45FE-987C-58417291743B}.Release|Any CPU.Build.0 = Release|Any CPU
		{8DBBEEC5-AA3F-45FE-987C-58417291743B}.Release|x64.ActiveCfg = Release|Any CPU
		{8DBBEEC5-AA3F-45FE-987C-58417291743B}.Release|x64.Build.0 = Release|Any CPU
		{8DBBEEC5-AA3F-45FE-987C-58417291743B}.Release|x86.ActiveCfg = Release|Any CPU
		{8DBBEEC5-AA3F-45FE-987C-58417291743B}.Release|x86.Build.0 = Release|Any CPU
		{D90BCBA0-F8BD-42B8-B8F2-FB7014C01CD6}.Debug|Any CPU.ActiveCfg = Debug|Any CPU
		{D90BCBA0-F8BD-42B8-B8F2-FB7014C01CD6}.Debug|Any CPU.Build.0 = Debug|Any CPU
		{D90BCBA0-F8BD-42B8-B8F2-FB7014C01CD6}.Debug|x64.ActiveCfg = Debug|Any CPU
		{D90BCBA0-F8BD-42B8-B8F2-FB7014C01CD6}.Debug|x64.Build.0 = Debug|Any CPU
		{D90BCBA0-F8BD-42B8-B8F2-FB7014C01CD6}.Debug|x86.ActiveCfg = Debug|Any CPU
		{D90BCBA0-F8BD-42B8-B8F2-FB7014C01CD6}.Debug|x86.Build.0 = Debug|Any CPU
		{D90BCBA0-F8BD-42B8-B8F2-FB7014C01CD6}.Release|Any CPU.ActiveCfg = Release|Any CPU
		{D90BCBA0-F8BD-42B8-B8F2-FB7014C01CD6}.Release|Any CPU.Build.0 = Release|Any CPU
		{D90BCBA0-F8BD-42B8-B8F2-FB7014C01CD6}.Release|x64.ActiveCfg = Release|Any CPU
		{D90BCBA0-F8BD-42B8-B8F2-FB7014C01CD6}.Release|x64.Build.0 = Release|Any CPU
		{D90BCBA0-F8BD-42B8-B8F2-FB7014C01CD6}.Release|x86.ActiveCfg = Release|Any CPU
		{D90BCBA0-F8BD-42B8-B8F2-FB7014C01CD6}.Release|x86.Build.0 = Release|Any CPU
		{4309ECB4-CA65-487C-BC35-7D9F35D006C6}.Debug|Any CPU.ActiveCfg = Debug|Any CPU
		{4309ECB4-CA65-487C-BC35-7D9F35D006C6}.Debug|Any CPU.Build.0 = Debug|Any CPU
		{4309ECB4-CA65-487C-BC35-7D9F35D006C6}.Debug|x64.ActiveCfg = Debug|Any CPU
		{4309ECB4-CA65-487C-BC35-7D9F35D006C6}.Debug|x64.Build.0 = Debug|Any CPU
		{4309ECB4-CA65-487C-BC35-7D9F35D006C6}.Debug|x86.ActiveCfg = Debug|Any CPU
		{4309ECB4-CA65-487C-BC35-7D9F35D006C6}.Debug|x86.Build.0 = Debug|Any CPU
		{4309ECB4-CA65-487C-BC35-7D9F35D006C6}.Release|Any CPU.ActiveCfg = Release|Any CPU
		{4309ECB4-CA65-487C-BC35-7D9F35D006C6}.Release|Any CPU.Build.0 = Release|Any CPU
		{4309ECB4-CA65-487C-BC35-7D9F35D006C6}.Release|x64.ActiveCfg = Release|Any CPU
		{4309ECB4-CA65-487C-BC35-7D9F35D006C6}.Release|x64.Build.0 = Release|Any CPU
		{4309ECB4-CA65-487C-BC35-7D9F35D006C6}.Release|x86.ActiveCfg = Release|Any CPU
		{4309ECB4-CA65-487C-BC35-7D9F35D006C6}.Release|x86.Build.0 = Release|Any CPU
		{6BCCBB20-589D-4B3E-A758-A568DAA39447}.Debug|Any CPU.ActiveCfg = Debug|Any CPU
		{6BCCBB20-589D-4B3E-A758-A568DAA39447}.Debug|Any CPU.Build.0 = Debug|Any CPU
		{6BCCBB20-589D-4B3E-A758-A568DAA39447}.Debug|x64.ActiveCfg = Debug|Any CPU
		{6BCCBB20-589D-4B3E-A758-A568DAA39447}.Debug|x64.Build.0 = Debug|Any CPU
		{6BCCBB20-589D-4B3E-A758-A568DAA39447}.Debug|x86.ActiveCfg = Debug|Any CPU
		{6BCCBB20-589D-4B3E-A758-A568DAA39447}.Debug|x86.Build.0 = Debug|Any CPU
		{6BCCBB20-589D-4B3E-A758-A568DAA39447}.Release|Any CPU.ActiveCfg = Release|Any CPU
		{6BCCBB20-589D-4B3E-A758-A568DAA39447}.Release|Any CPU.Build.0 = Release|Any CPU
		{6BCCBB20-589D-4B3E-A758-A568DAA39447}.Release|x64.ActiveCfg = Release|Any CPU
		{6BCCBB20-589D-4B3E-A758-A568DAA39447}.Release|x64.Build.0 = Release|Any CPU
		{6BCCBB20-589D-4B3E-A758-A568DAA39447}.Release|x86.ActiveCfg = Release|Any CPU
		{6BCCBB20-589D-4B3E-A758-A568DAA39447}.Release|x86.Build.0 = Release|Any CPU
		{3D74546A-583D-402C-BABF-4E27A7F2E315}.Debug|Any CPU.ActiveCfg = Debug|Any CPU
		{3D74546A-583D-402C-BABF-4E27A7F2E315}.Debug|Any CPU.Build.0 = Debug|Any CPU
		{3D74546A-583D-402C-BABF-4E27A7F2E315}.Debug|x64.ActiveCfg = Debug|Any CPU
		{3D74546A-583D-402C-BABF-4E27A7F2E315}.Debug|x64.Build.0 = Debug|Any CPU
		{3D74546A-583D-402C-BABF-4E27A7F2E315}.Debug|x86.ActiveCfg = Debug|Any CPU
		{3D74546A-583D-402C-BABF-4E27A7F2E315}.Debug|x86.Build.0 = Debug|Any CPU
		{3D74546A-583D-402C-BABF-4E27A7F2E315}.Release|Any CPU.ActiveCfg = Release|Any CPU
		{3D74546A-583D-402C-BABF-4E27A7F2E315}.Release|Any CPU.Build.0 = Release|Any CPU
		{3D74546A-583D-402C-BABF-4E27A7F2E315}.Release|x64.ActiveCfg = Release|Any CPU
		{3D74546A-583D-402C-BABF-4E27A7F2E315}.Release|x64.Build.0 = Release|Any CPU
		{3D74546A-583D-402C-BABF-4E27A7F2E315}.Release|x86.ActiveCfg = Release|Any CPU
		{3D74546A-583D-402C-BABF-4E27A7F2E315}.Release|x86.Build.0 = Release|Any CPU
		{29239FF0-F183-4308-8293-302AA495AABA}.Debug|Any CPU.ActiveCfg = Debug|Any CPU
		{29239FF0-F183-4308-8293-302AA495AABA}.Debug|Any CPU.Build.0 = Debug|Any CPU
		{29239FF0-F183-4308-8293-302AA495AABA}.Debug|x64.ActiveCfg = Debug|Any CPU
		{29239FF0-F183-4308-8293-302AA495AABA}.Debug|x64.Build.0 = Debug|Any CPU
		{29239FF0-F183-4308-8293-302AA495AABA}.Debug|x86.ActiveCfg = Debug|Any CPU
		{29239FF0-F183-4308-8293-302AA495AABA}.Debug|x86.Build.0 = Debug|Any CPU
		{29239FF0-F183-4308-8293-302AA495AABA}.Release|Any CPU.ActiveCfg = Release|Any CPU
		{29239FF0-F183-4308-8293-302AA495AABA}.Release|Any CPU.Build.0 = Release|Any CPU
		{29239FF0-F183-4308-8293-302AA495AABA}.Release|x64.ActiveCfg = Release|Any CPU
		{29239FF0-F183-4308-8293-302AA495AABA}.Release|x64.Build.0 = Release|Any CPU
		{29239FF0-F183-4308-8293-302AA495AABA}.Release|x86.ActiveCfg = Release|Any CPU
		{29239FF0-F183-4308-8293-302AA495AABA}.Release|x86.Build.0 = Release|Any CPU
		{81BF1537-3323-4A97-884F-B14E81696613}.Debug|Any CPU.ActiveCfg = Debug|Any CPU
		{81BF1537-3323-4A97-884F-B14E81696613}.Debug|Any CPU.Build.0 = Debug|Any CPU
		{81BF1537-3323-4A97-884F-B14E81696613}.Debug|x64.ActiveCfg = Debug|Any CPU
		{81BF1537-3323-4A97-884F-B14E81696613}.Debug|x64.Build.0 = Debug|Any CPU
		{81BF1537-3323-4A97-884F-B14E81696613}.Debug|x86.ActiveCfg = Debug|Any CPU
		{81BF1537-3323-4A97-884F-B14E81696613}.Debug|x86.Build.0 = Debug|Any CPU
		{81BF1537-3323-4A97-884F-B14E81696613}.Release|Any CPU.ActiveCfg = Release|Any CPU
		{81BF1537-3323-4A97-884F-B14E81696613}.Release|Any CPU.Build.0 = Release|Any CPU
		{81BF1537-3323-4A97-884F-B14E81696613}.Release|x64.ActiveCfg = Release|Any CPU
		{81BF1537-3323-4A97-884F-B14E81696613}.Release|x64.Build.0 = Release|Any CPU
		{81BF1537-3323-4A97-884F-B14E81696613}.Release|x86.ActiveCfg = Release|Any CPU
		{81BF1537-3323-4A97-884F-B14E81696613}.Release|x86.Build.0 = Release|Any CPU
	EndGlobalSection
	GlobalSection(SolutionProperties) = preSolution
		HideSolutionNode = FALSE
	EndGlobalSection
	GlobalSection(NestedProjects) = preSolution
		{8DBBEEC5-AA3F-45FE-987C-58417291743B} = {827E0CD3-B72D-47B6-A68D-7590B98EB39B}
		{D90BCBA0-F8BD-42B8-B8F2-FB7014C01CD6} = {827E0CD3-B72D-47B6-A68D-7590B98EB39B}
		{4309ECB4-CA65-487C-BC35-7D9F35D006C6} = {827E0CD3-B72D-47B6-A68D-7590B98EB39B}
		{6BCCBB20-589D-4B3E-A758-A568DAA39447} = {827E0CD3-B72D-47B6-A68D-7590B98EB39B}
		{3D74546A-583D-402C-BABF-4E27A7F2E315} = {827E0CD3-B72D-47B6-A68D-7590B98EB39B}
		{29239FF0-F183-4308-8293-302AA495AABA} = {827E0CD3-B72D-47B6-A68D-7590B98EB39B}
		{81BF1537-3323-4A97-884F-B14E81696613} = {827E0CD3-B72D-47B6-A68D-7590B98EB39B}
	EndGlobalSection
EndGlobal
